{
  "requires": true,
  "lockfileVersion": 1,
  "dependencies": {
    "counterup2": {
      "version": "1.0.4",
      "resolved": "https://registry.npmjs.org/counterup2/-/counterup2-1.0.4.tgz",
      "integrity": "sha512-OXPt4cFxxC6g9J9r59cIwsZfTkXaR8eMVxUY2P6yviFclsx3QRbYtfqwtCb0a/Dz2y2ATy7hnpV4Y1LQsfurwQ=="
    },
    "gsap": {
      "version": "3.5.1",
      "resolved": "https://registry.npmjs.org/gsap/-/gsap-3.5.1.tgz",
      "integrity": "sha512-EMV0RSUKZNeTUzLKAizGlwxVOUyif3/g8I3S1aA/hf3gbqwBvmQ02x1RdTBQNQMOpHCVBv9y/vaHwfctoAg8zw=="
    },
    "jquery": {
      "version": "3.5.1",
      "resolved": "https://registry.npmjs.org/jquery/-/jquery-3.5.1.tgz",
      "integrity": "sha512-XwIBPqcMn57FxfT+Go5pzySnm4KWkT1Tv7gjrpT1srtf8Weynl6R273VJ5GjkRb51IzMp5nbaPjJXMWeju2MKg=="
    },
    "waypoints": {
      "version": "4.0.1",
      "resolved": "https://registry.npmjs.org/waypoints/-/waypoints-4.0.1.tgz",
      "integrity": "sha1-CZeaBXOBCylifLpDZqKEoGLsacg="
    }
  }
}
